<Solution>
  <Project Path="OpenRA.Mods.GenSDK/OpenRA.Mods.GenSDK.csproj" />
  <Project Path="engine/OpenRA.Game/OpenRA.Game.csproj" />
  <Project Path="engine/OpenRA.Mods.AS/OpenRA.Mods.AS.csproj" />
  <Project Path="engine/OpenRA.Mods.Cnc/OpenRA.Mods.Cnc.csproj" />
  <Project Path="engine/OpenRA.Mods.Common/OpenRA.Mods.Common.csproj" />
</Solution>
